{
    "_readme": [
        "This file locks the dependencies of your project to a known state",
        "Read more about it at https://getcomposer.org/doc/01-basic-usage.md#installing-dependencies",
        "This file is @generated automatically"
    ],
    "content-hash": "4a308c0423ccc2451928ea86223cb9c9",
    "packages": [
        {
            "name": "jwhennessey/phpinsight",
            "version": "v2.0.9",
            "source": {
                "type": "git",
                "url": "https://github.com/JWHennessey/phpInsight.git",
                "reference": "b89e7a7f418ebd88ae330b889be4dd1d47d4ceaa"
            },
            "dist": {
                "type": "zip",
                "url": "https://api.github.com/repos/JWHennessey/phpInsight/zipball/b89e7a7f418ebd88ae330b889be4dd1d47d4ceaa",
                "reference": "b89e7a7f418ebd88ae330b889be4dd1d47d4ceaa",
                "shasum": ""
            },
            "require": {
                "php": ">=5.3.0"
            },
            "type": "library",
            "autoload": {
                "psr-0": {
                    "PHPInsight": "lib/"
                }
            },
            "notification-url": "https://packagist.org/downloads/",
            "license": [
                "GPLv3 or later"
            ],
            "authors": [
                {
                    "name": "James Hennessey"
                }
            ],
            "description": "Sentiment analysis tool for PHP",
            "homepage": "https://github.com/JWHennessey/phpInsight",
            "keywords": [
                "insight",
                "phpinsight",
                "sentiment"
            ],
            "abandoned": true,
            "time": "2015-06-20T03:38:20+00:00"
        }
    ],
    "packages-dev": [],
    "aliases": [],
    "minimum-stability": "stable",
    "stability-flags": [],
    "prefer-stable": false,
    "prefer-lowest": false,
    "platform": [],
    "platform-dev": []
}
